
Microsoft Visual Studio Solution File, Format Version 11.00
# Visual Studio 2010
Project("{FAE04EC0-301F-11D3-BF4B-00C04F79EFBC}") = "Assembly-CSharp", "Assembly-CSharp.csproj", "{42FABBA2-217A-671E-5BE1-CE9C8E3B8797}"
EndProject
Global
	GlobalSection(SolutionConfigurationPlatforms) = preSolution
		Debug|Any CPU = Debug|Any CPU
		Release|Any CPU = Release|Any CPU
	EndGlobalSection
	GlobalSection(ProjectConfigurationPlatforms) = postSolution
		{42FABBA2-217A-671E-5BE1-CE9C8E3B8797}.Debug|Any CPU.ActiveCfg = Debug|Any CPU
		{42FABBA2-217A-671E-5BE1-CE9C8E3B8797}.Debug|Any CPU.Build.0 = Debug|Any CPU
		{42FABBA2-217A-671E-5BE1-CE9C8E3B8797}.Release|Any CPU.ActiveCfg = Release|Any CPU
		{42FABBA2-217A-671E-5BE1-CE9C8E3B8797}.Release|Any CPU.Build.0 = Release|Any CPU
	EndGlobalSection
	GlobalSection(SolutionProperties) = preSolution
		HideSolutionNode = FALSE
	EndGlobalSection
EndGlobal
